
Microsoft Visual Studio Solution File, Format Version 12.00
# Visual Studio Version 16
VisualStudioVersion = 16.0.29509.3
MinimumVisualStudioVersion = 10.0.40219.1
Project("{FAE04EC0-301F-11D3-BF4B-00C04F79EFBC}") = "Question6_CsvProcessor", "Question6_CsvProcessor\Question6_CsvProcessor.csproj", "{8D0B268F-7FED-4C56-8EFC-35F389CDF250}"
EndProject
Project("{FAE04EC0-301F-11D3-BF4B-00C04F79EFBC}") = "Question6_CsvProcessor_Test", "Question6_CsvProcessor_Test\Question6_CsvProcessor_Test.csproj", "{6F5C9C24-4267-4FDE-9A6C-0F39467F84FE}"
EndProject
Global
	GlobalSection(SolutionConfigurationPlatforms) = preSolution
		Debug|Any CPU = Debug|Any CPU
		Release|Any CPU = Release|Any CPU
	EndGlobalSection
	GlobalSection(ProjectConfigurationPlatforms) = postSolution
		{8D0B268F-7FED-4C56-8EFC-35F389CDF250}.Debug|Any CPU.ActiveCfg = Debug|Any CPU
		{8D0B268F-7FED-4C56-8EFC-35F389CDF250}.Debug|Any CPU.Build.0 = Debug|Any CPU
		{8D0B268F-7FED-4C56-8EFC-35F389CDF250}.Release|Any CPU.ActiveCfg = Release|Any CPU
		{8D0B268F-7FED-4C56-8EFC-35F389CDF250}.Release|Any CPU.Build.0 = Release|Any CPU
		{6F5C9C24-4267-4FDE-9A6C-0F39467F84FE}.Debug|Any CPU.ActiveCfg = Debug|Any CPU
		{6F5C9C24-4267-4FDE-9A6C-0F39467F84FE}.Debug|Any CPU.Build.0 = Debug|Any CPU
		{6F5C9C24-4267-4FDE-9A6C-0F39467F84FE}.Release|Any CPU.ActiveCfg = Release|Any CPU
		{6F5C9C24-4267-4FDE-9A6C-0F39467F84FE}.Release|Any CPU.Build.0 = Release|Any CPU
	EndGlobalSection
	GlobalSection(SolutionProperties) = preSolution
		HideSolutionNode = FALSE
	EndGlobalSection
	GlobalSection(ExtensibilityGlobals) = postSolution
		SolutionGuid = {AD47B67A-A240-419B-A979-F2B48776E4AB}
	EndGlobalSection
EndGlobal
